github.com/ecnepsnai/cron v1.0.0 h1:rT22iWB6IaaTenXthX9yCmak2VleUc5Pt2hPmPGj4Kk=
github.com/ecnepsnai/cron v1.0.0/go.mod h1:UvlmjLEATZ4lvLtYO6MNbLuDqbcc/EsyIEoNAu71HSQ=
github.com/ecnepsnai/cron v1.2.0 h1:1QbfG0tsjb3+dgPyaVOkRzvD3hjDc/cwbfC++PopUKo=
github.com/ecnepsnai/cron v1.2.0/go.mod h1:UvlmjLEATZ4lvLtYO6MNbLuDqbcc/EsyIEoNAu71HSQ=
github.com/ecnepsnai/ds v1.3.0 h1:4u7/2wTOZxPclBjvlLZnziu/m3TB+Vqpbduf+iLanNI=
github.com/ecnepsnai/ds v1.3.0/go.mod h1:qHtgG5sDXSMdA7XsQR9/QRyRq8anc4OsesTL7NQYV+k=
github.com/ecnepsnai/ds v1.4.0 h1:z0g2SjSxABA2Z+oXYa56cT3eNLUd+LoflsKLNrUfyKU=
github.com/ecnepsnai/ds v1.4.0/go.mod h1:dXLDRyQuS1e2BFvueviMXkw7iNY/i2Tt/Igwwxz8Sj4=
github.com/ecnepsnai/limits v1.0.1 h1:DL9i0eSGkpaKZg1DM5z/Bn6KL6c5UKMM8jy5jic4pys=
github.com/ecnepsnai/limits v1.0.1/go.mod h1:tmAlM5HiekbtbOyo83T0sG3bhvvzSMrnxPxvE9oWqJg=
github.com/ecnepsnai/logtic v1.3.2/go.mod h1:iPEvQDDzx7PocAM9PKbJ0BUT/7aVdFIZdjGDqPxQUHA=
github.com/ecnepsnai/logtic v1.4.0 h1:AGE2KaOkmbRo6EGe0BgNHq2m4p6EXMOQg6QdYIOJewU=
github.com/ecnepsnai/logtic v1.4.0/go.mod h1:XIDZDGQqTg6mF2wXTunatM2owN3UaFq3W5YkcwFI8Ao=
github.com/ecnepsnai/nanoid v1.0.0 h1:iqZrhNVZL2LgCkzCJxoRXkZ8UK0KGEUs9QB3v42vPDE=
github.com/ecnepsnai/nanoid v1.0.0/go.mod h1:hBiaXbFZtQM9k5JkIAft2oiGsxT1GwaYWsGWlfyVjtw=
github.com/ecnepsnai/otto v0.0.0-20200910035011-496d816894d3 h1:Q1vvvRPYANrwmB5qtL5rEs9Mrj0xFYE4BTXyemrOhNI=
github.com/ecnepsnai/otto v0.0.0-20200910035011-496d816894d3/go.mod h1:Oo2IaV+iqL1B7XfRTgMzoBgTTzL1ibBST19lCsKZh1A=
github.com/ecnepsnai/security v1.0.5 h1:pQkiSLxXF0rUUU2gNNGWvavGoO0GvUcypEgqYUSvzX8=
github.com/ecnepsnai/security v1.0.5/go.mod h1:d2odeKlHKQeSwCMHxm6fN9+E+IuLcYlttpziZBQ52Rg=
github.com/ecnepsnai/security v1.2.0 h1:qVC8vZ0xgeuSXBWOQy3gSfXtwrM+zrXLy/kuTTLWnMo=
github.com/ecnepsnai/security v1.2.0/go.mod h1:tfRbNsFXWChMgvSM/TzTK/g8Q/ri5zdxAJ/+tapxdWU=
github.com/ecnepsnai/set v1.0.0 h1:ErepEMF5/RVlc31Vu2Sf5ZDzf6FOQJ6dlwueRZ6zH8s=
github.com/ecnepsnai/set v1.0.0/go.mod h1:70MwbzTpbsVtcPqg0DupFbEo3iwbE+nEnkPWYUi8SVM=
github.com/ecnepsnai/store v1.1.0 h1:5PjQWLIdgu0yXJSssMQvMjmCaF2ZJ1nRlbHdCri5rig=
github.com/ecnepsnai/store v1.1.0/go.mod h1:VPGKRQk8c6cnsvy3XxxX0yj2R2q8hpP9bLzmCQWFQ20=
github.com/ecnepsnai/web v1.5.1 h1:bYuDEjy2i1tyHLSt6o1Ak6dy6KB3chgj5UasCLrFcWw=
github.com/ecnepsnai/web v1.5.1/go.mod h1:gauueiB3GeISRJpuyxFmPamqaEv1SCP7HGereqwwu80=
github.com/fatih/color v1.7.0/go.mod h1:Zm6kSWBoL9eyXnKyktHP6abPY2pDugNf5KwzbycvMj4=
github.com/fatih/color v1.9.0 h1:8xPHl4/q1VyqGIPif1F+1V3Y3lSmrq01EabUW3CoW5s=
github.com/fatih/color v1.9.0/go.mod h1:eQcE1qtQxscV5RaZvpXrrb8Drkc3/DdQ+uUYCNjL+zU=
github.com/gorilla/websocket v1.4.2 h1:+/TMaTYc4QFitKJxsQ7Yye35DkWvkdLcvGKqM+x0Ufc=
github.com/gorilla/websocket v1.4.2/go.mod h1:YR8l580nyteQvAITg2hZ9XVh4b55+EU/adAjf1fMHhE=
github.com/julienschmidt/httprouter v1.3.0 h1:U0609e9tgbseu3rBINet9P48AI/D3oJs4dN7jwJOQ1U=
github.com/julienschmidt/httprouter v1.3.0/go.mod h1:JR6WtHb+2LUe8TCKY3cZOxFyyO8IZAc4RVcycCCAKdM=
github.com/matoous/go-nanoid v1.4.1 h1:Yag04X+qPMDtYbyJsMDhoe8rP5kRl293b2QK8KRp2SE=
github.com/matoous/go-nanoid v1.4.1/go.mod h1:fvGBnhcQ+zcrB3qJIG32PAN11J/y1IYkGX2/VeHzuH0=
github.com/matoous/go-nanoid v1.5.0 h1:VRorl6uCngneC4oUQqOYtO3S0H5QKFtKuKycFG3euek=
github.com/matoous/go-nanoid v1.5.0/go.mod h1:zyD2a71IubI24efhpvkJz+ZwfwagzgSO6UNiFsZKN7U=
github.com/mattn/go-colorable v0.0.9/go.mod h1:9vuHe8Xs5qXnSaW/c/ABM9alt+Vo+STaOChaDxuIBZU=
github.com/mattn/go-colorable v0.1.4 h1:snbPLB8fVfU9iwbbo30TPtbLRzwWu6aJS6Xh4eaaviA=
github.com/mattn/go-colorable v0.1.4/go.mod h1:U0ppj6V5qS13XJ6of8GYAs25YV2eR4EVcfRqFIhoBtE=
github.com/mattn/go-isatty v0.0.4/go.mod h1:M+lRXTBqGeGNdLjl/ufCoiOlB5xdOkqRJdNxMWT7Zi4=
github.com/mattn/go-isatty v0.0.8/go.mod h1:Iq45c/XA43vh69/j3iqttzPXn0bhXyGjM0Hdxcsrc5s=
github.com/mattn/go-isatty v0.0.11 h1:FxPOTFNqGkuDUGi3H/qkUbQO4ZiBa2brKq5r0l8TGeM=
github.com/mattn/go-isatty v0.0.11/go.mod h1:PhnuNfih5lzO57/f3n+odYbM4JtupLOxQOAqxQCu2WE=
go.etcd.io/bbolt v1.3.4 h1:hi1bXHMVrlQh6WwxAy+qZCV/SYIlqo+Ushwdpa4tAKg=
go.etcd.io/bbolt v1.3.4/go.mod h1:G5EMThwa9y8QZGBClrRx5EY+Yw9kAhnjy3bSjsnlVTQ=
go.etcd.io/bbolt v1.3.5 h1:XAzx9gjCb0Rxj7EoqcClPD1d5ZBxZJk0jbuoPHenBt0=
go.etcd.io/bbolt v1.3.5/go.mod h1:G5EMThwa9y8QZGBClrRx5EY+Yw9kAhnjy3bSjsnlVTQ=
golang.org/x/crypto v0.0.0-20181015023909-0c41d7ab0a0e h1:IzypfodbhbnViNUO/MEh0FzCUooG97cIGfdggUrUSyU=
golang.org/x/crypto v0.0.0-20181015023909-0c41d7ab0a0e/go.mod h1:6SG95UA2DQfeDnfUPMdvaQW0Q7yPrPDi9nlGo2tz2b4=
golang.org/x/crypto v0.0.0-20190308221718-c2843e01d9a2/go.mod h1:djNgcEr1/C05ACkg1iLfiJU5Ep61QUkGW8qpdssI0+w=
golang.org/x/crypto v0.0.0-20201016220609-9e8e0b390897 h1:pLI5jrR7OSLijeIDcmRxNmw2api+jEfxLoykJVice/E=
golang.org/x/crypto v0.0.0-20201016220609-9e8e0b390897/go.mod h1:LzIPMQfyMNhhGPhUkYOs5KpL4U8rLKemX1yGLhDgUto=
golang.org/x/net v0.0.0-20190404232315-eb5bcb51f2a3/go.mod h1:t9HGtf8HONx5eT2rtn7q6eTqICYqUVnKs3thJo3Qplg=
golang.org/x/sys v0.0.0-20181107165924-66b7b1311ac8/go.mod h1:STP8DvDyc/dI5b8T5hshtkjS+E42TnysNCUPdjciGhY=
golang.org/x/sys v0.0.0-20190215142949-d0b11bdaac8a/go.mod h1:STP8DvDyc/dI5b8T5hshtkjS+E42TnysNCUPdjciGhY=
golang.org/x/sys v0.0.0-20190222072716-a9d3bda3a223/go.mod h1:STP8DvDyc/dI5b8T5hshtkjS+E42TnysNCUPdjciGhY=
golang.org/x/sys v0.0.0-20190412213103-97732733099d/go.mod h1:h1NjWce9XRLGQEsW7wpKNCjG9DtNlClVuFLEZdDNbEs=
golang.org/x/sys v0.0.0-20191026070338-33540a1f6037/go.mod h1:h1NjWce9XRLGQEsW7wpKNCjG9DtNlClVuFLEZdDNbEs=
golang.org/x/sys v0.0.0-20200202164722-d101bd2416d5 h1:LfCXLvNmTYH9kEmVgqbnsWfruoXZIrh4YBgqVHtDvw0=
golang.org/x/sys v0.0.0-20200202164722-d101bd2416d5/go.mod h1:h1NjWce9XRLGQEsW7wpKNCjG9DtNlClVuFLEZdDNbEs=
golang.org/x/sys v0.0.0-20201022201747-fb209a7c41cd h1:WgqgiQvkiZWz7XLhphjt2GI2GcGCTIZs9jqXMWmH+oc=
golang.org/x/sys v0.0.0-20201022201747-fb209a7c41cd/go.mod h1:h1NjWce9XRLGQEsW7wpKNCjG9DtNlClVuFLEZdDNbEs=
golang.org/x/text v0.3.0/go.mod h1:NqM8EUOU14njkJ3fqMW+pc6Ldnwhi/IjpwHt7yyuwOQ=
