# This file is autogenerated, do not edit; changes may be undone by the next 'dep ensure'.


[[projects]]
  digest = "1:5a6f4c47a01035115bb65eb03c91f8a7fc9a980687312bfc1a1d0635ac81d66c"
  name = "github.com/ecnepsnai/discord"
  packages = ["."]
  pruneopts = "UT"
  revision = "80e8de3eddfb0c4c99506f985c16d077d5eb4764"
  version = "1.0.1"

[[projects]]
  digest = "1:ba93283ff45c0a2c711b8abe4d37efe8eb2e070460b3eb34b99a421c5f2dd716"
  name = "github.com/ecnepsnai/ds"
  packages = ["."]
  pruneopts = "UT"
  revision = "cea1853fd3667dc2e5298a60d5b20a4fd6c231ce"
  version = "1.1.21"

[[projects]]
  digest = "1:79b215258dfefbf6b0ddb6d36e982893e5f9950a1622b145725bf70594131994"
  name = "github.com/ecnepsnai/limits"
  packages = ["."]
  pruneopts = "UT"
  revision = "5da2c8959cf72d01c6e5062bfbd88b38bd00b771"
  version = "1.0.0"

[[projects]]
  digest = "1:3ac9d8c701a26192be829b8654874b5d64dede0a9805a569a9d2bad67341c43f"
  name = "github.com/ecnepsnai/logtic"
  packages = ["."]
  pruneopts = "UT"
  revision = "87b469790068e671983fd9595e353aecd113ca84"
  version = "1.3.1"

[[projects]]
  digest = "1:9b823da3f49ab5741c2d25d0a658e77e74c8af280701bfb6c410a4d0920ec7d0"
  name = "github.com/ecnepsnai/scheduler"
  packages = ["."]
  pruneopts = "UT"
  revision = "6dcd0847dd69b763bad8ccdc175559a52c3af957"
  version = "1.1.3"

[[projects]]
  digest = "1:add1ed8b404930af9b60c64998716ebfdf6da0d90205cff3a277b918984c59d1"
  name = "github.com/ecnepsnai/security"
  packages = ["."]
  pruneopts = "UT"
  revision = "d4762ec40020538c070e1148847893883ee41128"
  version = "1.0.4"

[[projects]]
  digest = "1:f353d2e10304024e1df76c79252b20d046bef7eed29949914df299c60fae7d2b"
  name = "github.com/ecnepsnai/store"
  packages = ["."]
  pruneopts = "UT"
  revision = "b6d4f587c1adfb3f233a4f866c0bf74a43eb758e"
  version = "1.0.5"

[[projects]]
  digest = "1:d10e9d1cb373e30076670bdc40ffeac0185d1b51d19acce80c57d164c20a81f1"
  name = "github.com/ecnepsnai/web"
  packages = ["."]
  pruneopts = "UT"
  revision = "05861d24da4ed553acc0aadf0165e6e9d43d8748"
  version = "1.3.2"

[[projects]]
  digest = "1:f2ac2c724fc8214bb7b9dd6d4f5b7a983152051f5133320f228557182263cb94"
  name = "github.com/etcd-io/bbolt"
  packages = ["."]
  pruneopts = "UT"
  revision = "a0458a2b35708eef59eb5f620ceb3cd1c01a824d"
  version = "v1.3.3"

[[projects]]
  digest = "1:865079840386857c809b72ce300be7580cb50d3d3129ce11bf9aa6ca2bc1934a"
  name = "github.com/fatih/color"
  packages = ["."]
  pruneopts = "UT"
  revision = "5b77d2a35fb0ede96d138fc9a99f5c9b6aef11b4"
  version = "v1.7.0"

[[projects]]
  digest = "1:f97285a3b0a496dcf8801072622230d513f69175665d94de60eb042d03387f6c"
  name = "github.com/julienschmidt/httprouter"
  packages = ["."]
  pruneopts = "UT"
  revision = "348b672cd90d8190f8240323e372ecd1e66b59dc"
  version = "v1.2.0"

[[projects]]
  branch = "master"
  digest = "1:b6162f30d27efe073846888be308e49ed45758cc6dfae74f16446f4f92219579"
  name = "github.com/matoous/go-nanoid"
  packages = ["."]
  pruneopts = "UT"
  revision = "afeb308487d154fcb0e1c1fbcb17b2dd8fe1c199"

[[projects]]
  digest = "1:c658e84ad3916da105a761660dcaeb01e63416c8ec7bc62256a9b411a05fcd67"
  name = "github.com/mattn/go-colorable"
  packages = ["."]
  pruneopts = "UT"
  revision = "167de6bfdfba052fa6b2d3664c8f5272e23c9072"
  version = "v0.0.9"

[[projects]]
  digest = "1:36325ebb862e0382f2f14feef409ba9351271b89ada286ae56836c603d43b59c"
  name = "github.com/mattn/go-isatty"
  packages = ["."]
  pruneopts = "UT"
  revision = "e1f7b56ace729e4a73a29a6b4fac6cd5fcda7ab3"
  version = "v0.0.9"

[[projects]]
  digest = "1:274f67cb6fed9588ea2521ecdac05a6d62a8c51c074c1fccc6a49a40ba80e925"
  name = "github.com/satori/go.uuid"
  packages = ["."]
  pruneopts = "UT"
  revision = "f58768cc1a7a7e77a3bd49e98cdd21419399b6a3"
  version = "v1.2.0"

[[projects]]
  branch = "master"
  digest = "1:72bafdc1d9df56f7f53ac94e21866a1ff7ec007755b0763a1900c8d84e98a234"
  name = "golang.org/x/crypto"
  packages = [
    "bcrypt",
    "blowfish",
    "pbkdf2",
    "scrypt",
  ]
  pruneopts = "UT"
  revision = "9ee001bba392397c76f100a2d5b13afc86f167f1"

[[projects]]
  branch = "master"
  digest = "1:efaeaf7e03393d54963ece1e4c1866915d712a07adf4be8ea8105a67e3418e8f"
  name = "golang.org/x/sys"
  packages = ["unix"]
  pruneopts = "UT"
  revision = "0a153f010e6963173baba2306531d173aa843137"

[solve-meta]
  analyzer-name = "dep"
  analyzer-version = 1
  input-imports = [
    "github.com/ecnepsnai/discord",
    "github.com/ecnepsnai/ds",
    "github.com/ecnepsnai/limits",
    "github.com/ecnepsnai/logtic",
    "github.com/ecnepsnai/scheduler",
    "github.com/ecnepsnai/security",
    "github.com/ecnepsnai/store",
    "github.com/ecnepsnai/web",
    "github.com/matoous/go-nanoid",
    "github.com/satori/go.uuid",
  ]
  solver-name = "gps-cdcl"
  solver-version = 1
